
Microsoft Visual Studio Solution File, Format Version 12.00
# Visual Studio Version 17
VisualStudioVersion = 17.9.34607.119
MinimumVisualStudioVersion = 10.0.40219.1
Project("{9A19103F-16F7-4668-BE54-9A1E7A4F7556}") = "ContosoUniversity", "ContosoUniverity\ContosoUniversity.csproj", "{C61C5EC8-45D0-4C61-9F98-705B0AF92D9B}"
EndProject
Project("{9A19103F-16F7-4668-BE54-9A1E7A4F7556}") = "Contracts", "Contracts\Contracts.csproj", "{A7EEE5CC-753F-452A-BEA4-1DAB0F0A1869}"
EndProject
Project("{9A19103F-16F7-4668-BE54-9A1E7A4F7556}") = "LoggerService", "LoggerService\LoggerService.csproj", "{20ECA000-330E-41C7-AF6F-D0F56996D960}"
EndProject
Project("{9A19103F-16F7-4668-BE54-9A1E7A4F7556}") = "Entities", "Entities\Entities.csproj", "{5976398B-1B4F-4603-9C84-2EE805133366}"
EndProject
Project("{9A19103F-16F7-4668-BE54-9A1E7A4F7556}") = "Repository", "Repository\Repository.csproj", "{FC2B9540-9143-4C37-9B90-BCA3D8F40118}"
EndProject
Project("{9A19103F-16F7-4668-BE54-9A1E7A4F7556}") = "Service.Contracts", "Service.Contracts\Service.Contracts.csproj", "{7885C91E-4946-46B7-B47F-CE14E704F0BB}"
EndProject
Project("{9A19103F-16F7-4668-BE54-9A1E7A4F7556}") = "Service", "Service\Service.csproj", "{D58423D5-F3D6-472C-AF75-21919BC419E1}"
EndProject
Project("{9A19103F-16F7-4668-BE54-9A1E7A4F7556}") = "ContosoUniversity.Presentation", "ContosoUniversity.Presentation\ContosoUniversity.Presentation.csproj", "{93A338FA-18B2-4448-BDFF-774CA53DB952}"
EndProject
Project("{FAE04EC0-301F-11D3-BF4B-00C04F79EFBC}") = "Shared", "Shared\Shared.csproj", "{4E1CC56E-193C-411D-B787-099B108D970A}"
EndProject
Global
	GlobalSection(SolutionConfigurationPlatforms) = preSolution
		Debug|Any CPU = Debug|Any CPU
		Release|Any CPU = Release|Any CPU
	EndGlobalSection
	GlobalSection(ProjectConfigurationPlatforms) = postSolution
		{C61C5EC8-45D0-4C61-9F98-705B0AF92D9B}.Debug|Any CPU.ActiveCfg = Debug|Any CPU
		{C61C5EC8-45D0-4C61-9F98-705B0AF92D9B}.Debug|Any CPU.Build.0 = Debug|Any CPU
		{C61C5EC8-45D0-4C61-9F98-705B0AF92D9B}.Release|Any CPU.ActiveCfg = Release|Any CPU
		{C61C5EC8-45D0-4C61-9F98-705B0AF92D9B}.Release|Any CPU.Build.0 = Release|Any CPU
		{A7EEE5CC-753F-452A-BEA4-1DAB0F0A1869}.Debug|Any CPU.ActiveCfg = Debug|Any CPU
		{A7EEE5CC-753F-452A-BEA4-1DAB0F0A1869}.Debug|Any CPU.Build.0 = Debug|Any CPU
		{A7EEE5CC-753F-452A-BEA4-1DAB0F0A1869}.Release|Any CPU.ActiveCfg = Release|Any CPU
		{A7EEE5CC-753F-452A-BEA4-1DAB0F0A1869}.Release|Any CPU.Build.0 = Release|Any CPU
		{20ECA000-330E-41C7-AF6F-D0F56996D960}.Debug|Any CPU.ActiveCfg = Debug|Any CPU
		{20ECA000-330E-41C7-AF6F-D0F56996D960}.Debug|Any CPU.Build.0 = Debug|Any CPU
		{20ECA000-330E-41C7-AF6F-D0F56996D960}.Release|Any CPU.ActiveCfg = Release|Any CPU
		{20ECA000-330E-41C7-AF6F-D0F56996D960}.Release|Any CPU.Build.0 = Release|Any CPU
		{5976398B-1B4F-4603-9C84-2EE805133366}.Debug|Any CPU.ActiveCfg = Debug|Any CPU
		{5976398B-1B4F-4603-9C84-2EE805133366}.Debug|Any CPU.Build.0 = Debug|Any CPU
		{5976398B-1B4F-4603-9C84-2EE805133366}.Release|Any CPU.ActiveCfg = Release|Any CPU
		{5976398B-1B4F-4603-9C84-2EE805133366}.Release|Any CPU.Build.0 = Release|Any CPU
		{FC2B9540-9143-4C37-9B90-BCA3D8F40118}.Debug|Any CPU.ActiveCfg = Debug|Any CPU
		{FC2B9540-9143-4C37-9B90-BCA3D8F40118}.Debug|Any CPU.Build.0 = Debug|Any CPU
		{FC2B9540-9143-4C37-9B90-BCA3D8F40118}.Release|Any CPU.ActiveCfg = Release|Any CPU
		{FC2B9540-9143-4C37-9B90-BCA3D8F40118}.Release|Any CPU.Build.0 = Release|Any CPU
		{7885C91E-4946-46B7-B47F-CE14E704F0BB}.Debug|Any CPU.ActiveCfg = Debug|Any CPU
		{7885C91E-4946-46B7-B47F-CE14E704F0BB}.Debug|Any CPU.Build.0 = Debug|Any CPU
		{7885C91E-4946-46B7-B47F-CE14E704F0BB}.Release|Any CPU.ActiveCfg = Release|Any CPU
		{7885C91E-4946-46B7-B47F-CE14E704F0BB}.Release|Any CPU.Build.0 = Release|Any CPU
		{D58423D5-F3D6-472C-AF75-21919BC419E1}.Debug|Any CPU.ActiveCfg = Debug|Any CPU
		{D58423D5-F3D6-472C-AF75-21919BC419E1}.Debug|Any CPU.Build.0 = Debug|Any CPU
		{D58423D5-F3D6-472C-AF75-21919BC419E1}.Release|Any CPU.ActiveCfg = Release|Any CPU
		{D58423D5-F3D6-472C-AF75-21919BC419E1}.Release|Any CPU.Build.0 = Release|Any CPU
		{93A338FA-18B2-4448-BDFF-774CA53DB952}.Debug|Any CPU.ActiveCfg = Debug|Any CPU
		{93A338FA-18B2-4448-BDFF-774CA53DB952}.Debug|Any CPU.Build.0 = Debug|Any CPU
		{93A338FA-18B2-4448-BDFF-774CA53DB952}.Release|Any CPU.ActiveCfg = Release|Any CPU
		{93A338FA-18B2-4448-BDFF-774CA53DB952}.Release|Any CPU.Build.0 = Release|Any CPU
		{4E1CC56E-193C-411D-B787-099B108D970A}.Debug|Any CPU.ActiveCfg = Debug|Any CPU
		{4E1CC56E-193C-411D-B787-099B108D970A}.Debug|Any CPU.Build.0 = Debug|Any CPU
		{4E1CC56E-193C-411D-B787-099B108D970A}.Release|Any CPU.ActiveCfg = Release|Any CPU
		{4E1CC56E-193C-411D-B787-099B108D970A}.Release|Any CPU.Build.0 = Release|Any CPU
	EndGlobalSection
	GlobalSection(SolutionProperties) = preSolution
		HideSolutionNode = FALSE
	EndGlobalSection
	GlobalSection(ExtensibilityGlobals) = postSolution
		SolutionGuid = {1CA74A64-8B27-46F4-AB5A-F9EAA9A247C6}
	EndGlobalSection
EndGlobal
